// !$*UTF8*$!
{
	archiveVersion = 1;
	classes = {
	};
	objectVersion = 55;
	objects = {

/* Begin PBXBuildFile section */
		3FEA336828D6C02400A57656 /* AppDelegate.swift in Sources */ = {isa = PBXBuildFile; fileRef = 3FEA336728D6C02400A57656 /* AppDelegate.swift */; };
		3FEA336A28D6C02400A57656 /* SceneDelegate.swift in Sources */ = {isa = PBXBuildFile; fileRef = 3FEA336928D6C02400A57656 /* SceneDelegate.swift */; };
		3FEA336C28D6C02400A57656 /* ViewController.swift in Sources */ = {isa = PBXBuildFile; fileRef = 3FEA336B28D6C02400A57656 /* ViewController.swift */; };
		3FEA336F28D6C02400A57656 /* Main.storyboard in Resources */ = {isa = PBXBuildFile; fileRef = 3FEA336D28D6C02400A57656 /* Main.storyboard */; };
		3FEA337128D6C02500A57656 /* Assets.xcassets in Resources */ = {isa = PBXBuildFile; fileRef = 3FEA337028D6C02500A57656 /* Assets.xcassets */; };
		3FEA337428D6C02500A57656 /* LaunchScreen.storyboard in Resources */ = {isa = PBXBuildFile; fileRef = 3FEA337228D6C02500A57656 /* LaunchScreen.storyboard */; };
		3FEA337F28D6C02500A57656 /* falsh_cardsTests.swift in Sources */ = {isa = PBXBuildFile; fileRef = 3FEA337E28D6C02500A57656 /* falsh_cardsTests.swift */; };
		3FEA338928D6C02500A57656 /* falsh_cardsUITests.swift in Sources */ = {isa = PBXBuildFile; fileRef = 3FEA338828D6C02500A57656 /* falsh_cardsUITests.swift */; };
		3FEA338B28D6C02500A57656 /* falsh_cardsUITestsLaunchTests.swift in Sources */ = {isa = PBXBuildFile; fileRef = 3FEA338A28D6C02500A57656 /* falsh_cardsUITestsLaunchTests.swift */; };
/* End PBXBuildFile section */

/* Begin PBXContainerItemProxy section */
		3FEA337B28D6C02500A57656 /* PBXContainerItemProxy */ = {
			isa = PBXContainerItemProxy;
			containerPortal = 3FEA335C28D6C02400A57656 /* Project object */;
			proxyType = 1;
			remoteGlobalIDString = 3FEA336328D6C02400A57656;
			remoteInfo = falsh_cards;
		};
		3FEA338528D6C02500A57656 /* PBXContainerItemProxy */ = {
			isa = PBXContainerItemProxy;
			containerPortal = 3FEA335C28D6C02400A57656 /* Project object */;
			proxyType = 1;
			remoteGlobalIDString = 3FEA336328D6C02400A57656;
			remoteInfo = falsh_cards;
		};
/* End PBXContainerItemProxy section */

/* Begin PBXFileReference section */
		3FEA336428D6C02400A57656 /* falsh_cards.app */ = {isa = PBXFileReference; explicitFileType = wrapper.application; includeInIndex = 0; path = falsh_cards.app; sourceTree = BUILT_PRODUCTS_DIR; };
		3FEA336728D6C02400A57656 /* AppDelegate.swift */ = {isa = PBXFileReference; lastKnownFileType = sourcecode.swift; path = AppDelegate.swift; sourceTree = "<group>"; };
		3FEA336928D6C02400A57656 /* SceneDelegate.swift */ = {isa = PBXFileReference; lastKnownFileType = sourcecode.swift; path = SceneDelegate.swift; sourceTree = "<group>"; };
		3FEA336B28D6C02400A57656 /* ViewController.swift */ = {isa = PBXFileReference; lastKnownFileType = sourcecode.swift; path = ViewController.swift; sourceTree = "<group>"; };
		3FEA336E28D6C02400A57656 /* Base */ = {isa = PBXFileReference; lastKnownFileType = file.storyboard; name = Base; path = Base.lproj/Main.storyboard; sourceTree = "<group>"; };
		3FEA337028D6C02500A57656 /* Assets.xcassets */ = {isa = PBXFileReference; lastKnownFileType = folder.assetcatalog; path = Assets.xcassets; sourceTree = "<group>"; };
		3FEA337328D6C02500A57656 /* Base */ = {isa = PBXFileReference; lastKnownFileType = file.storyboard; name = Base; path = Base.lproj/LaunchScreen.storyboard; sourceTree = "<group>"; };
		3FEA337528D6C02500A57656 /* Info.plist */ = {isa = PBXFileReference; lastKnownFileType = text.plist.xml; path = Info.plist; sourceTree = "<group>"; };
		3FEA337A28D6C02500A57656 /* falsh_cardsTests.xctest */ = {isa = PBXFileReference; explicitFileType = wrapper.cfbundle; includeInIndex = 0; path = falsh_cardsTests.xctest; sourceTree = BUILT_PRODUCTS_DIR; };
		3FEA337E28D6C02500A57656 /* falsh_cardsTests.swift */ = {isa = PBXFileReference; lastKnownFileType = sourcecode.swift; path = falsh_cardsTests.swift; sourceTree = "<group>"; };
		3FEA338428D6C02500A57656 /* falsh_cardsUITests.xctest */ = {isa = PBXFileReference; explicitFileType = wrapper.cfbundle; includeInIndex = 0; path = falsh_cardsUITests.xctest; sourceTree = BUILT_PRODUCTS_DIR; };
		3FEA338828D6C02500A57656 /* falsh_cardsUITests.swift */ = {isa = PBXFileReference; lastKnownFileType = sourcecode.swift; path = falsh_cardsUITests.swift; sourceTree = "<group>"; };
		3FEA338A28D6C02500A57656 /* falsh_cardsUITestsLaunchTests.swift */ = {isa = PBXFileReference; lastKnownFileType = sourcecode.swift; path = falsh_cardsUITestsLaunchTests.swift; sourceTree = "<group>"; };
/* End PBXFileReference section */

/* Begin PBXFrameworksBuildPhase section */
		3FEA336128D6C02400A57656 /* Frameworks */ = {
			isa = PBXFrameworksBuildPhase;
			buildActionMask = 2147483647;
			files = (
			);
			runOnlyForDeploymentPostprocessing = 0;
		};
		3FEA337728D6C02500A57656 /* Frameworks */ = {
			isa = PBXFrameworksBuildPhase;
			buildActionMask = 2147483647;
			files = (
			);
			runOnlyForDeploymentPostprocessing = 0;
		};
		3FEA338128D6C02500A57656 /* Frameworks */ = {
			isa = PBXFrameworksBuildPhase;
			buildActionMask = 2147483647;
			files = (
			);
			runOnlyForDeploymentPostprocessing = 0;
		};
/* End PBXFrameworksBuildPhase section */

/* Begin PBXGroup section */
		3FEA335B28D6C02400A57656 = {
			isa = PBXGroup;
			children = (
				3FEA336628D6C02400A57656 /* falsh_cards */,
				3FEA337D28D6C02500A57656 /* falsh_cardsTests */,
				3FEA338728D6C02500A57656 /* falsh_cardsUITests */,
				3FEA336528D6C02400A57656 /* Products */,
			);
			sourceTree = "<group>";
		};
		3FEA336528D6C02400A57656 /* Products */ = {
			isa = PBXGroup;
			children = (
				3FEA336428D6C02400A57656 /* falsh_cards.app */,
				3FEA337A28D6C02500A57656 /* falsh_cardsTests.xctest */,
				3FEA338428D6C02500A57656 /* falsh_cardsUITests.xctest */,
			);
			name = Products;
			sourceTree = "<group>";
		};
		3FEA336628D6C02400A57656 /* falsh_cards */ = {
			isa = PBXGroup;
			children = (
				3FEA336728D6C02400A57656 /* AppDelegate.swift */,
				3FEA336928D6C02400A57656 /* SceneDelegate.swift */,
				3FEA336B28D6C02400A57656 /* ViewController.swift */,
				3FEA336D28D6C02400A57656 /* Main.storyboard */,
				3FEA337028D6C02500A57656 /* Assets.xcassets */,
				3FEA337228D6C02500A57656 /* LaunchScreen.storyboard */,
				3FEA337528D6C02500A57656 /* Info.plist */,
			);
			path = falsh_cards;
			sourceTree = "<group>";
		};
		3FEA337D28D6C02500A57656 /* falsh_cardsTests */ = {
			isa = PBXGroup;
			children = (
				3FEA337E28D6C02500A57656 /* falsh_cardsTests.swift */,
			);
			path = falsh_cardsTests;
			sourceTree = "<group>";
		};
		3FEA338728D6C02500A57656 /* falsh_cardsUITests */ = {
			isa = PBXGroup;
			children = (
				3FEA338828D6C02500A57656 /* falsh_cardsUITests.swift */,
				3FEA338A28D6C02500A57656 /* falsh_cardsUITestsLaunchTests.swift */,
			);
			path = falsh_cardsUITests;
			sourceTree = "<group>";
		};
/* End PBXGroup section */

/* Begin PBXNativeTarget section */
		3FEA336328D6C02400A57656 /* falsh_cards */ = {
			isa = PBXNativeTarget;
			buildConfigurationList = 3FEA338E28D6C02500A57656 /* Build configuration list for PBXNativeTarget "falsh_cards" */;
			buildPhases = (
				3FEA336028D6C02400A57656 /* Sources */,
				3FEA336128D6C02400A57656 /* Frameworks */,
				3FEA336228D6C02400A57656 /* Resources */,
			);
			buildRules = (
			);
			dependencies = (
			);
			name = falsh_cards;
			productName = falsh_cards;
			productReference = 3FEA336428D6C02400A57656 /* falsh_cards.app */;
			productType = "com.apple.product-type.application";
		};
		3FEA337928D6C02500A57656 /* falsh_cardsTests */ = {
			isa = PBXNativeTarget;
			buildConfigurationList = 3FEA339128D6C02500A57656 /* Build configuration list for PBXNativeTarget "falsh_cardsTests" */;
			buildPhases = (
				3FEA337628D6C02500A57656 /* Sources */,
				3FEA337728D6C02500A57656 /* Frameworks */,
				3FEA337828D6C02500A57656 /* Resources */,
			);
			buildRules = (
			);
			dependencies = (
				3FEA337C28D6C02500A57656 /* PBXTargetDependency */,
			);
			name = falsh_cardsTests;
			productName = falsh_cardsTests;
			productReference = 3FEA337A28D6C02500A57656 /* falsh_cardsTests.xctest */;
			productType = "com.apple.product-type.bundle.unit-test";
		};
		3FEA338328D6C02500A57656 /* falsh_cardsUITests */ = {
			isa = PBXNativeTarget;
			buildConfigurationList = 3FEA339428D6C02500A57656 /* Build configuration list for PBXNativeTarget "falsh_cardsUITests" */;
			buildPhases = (
				3FEA338028D6C02500A57656 /* Sources */,
				3FEA338128D6C02500A57656 /* Frameworks */,
				3FEA338228D6C02500A57656 /* Resources */,
			);
			buildRules = (
			);
			dependencies = (
				3FEA338628D6C02500A57656 /* PBXTargetDependency */,
			);
			name = falsh_cardsUITests;
			productName = falsh_cardsUITests;
			productReference = 3FEA338428D6C02500A57656 /* falsh_cardsUITests.xctest */;
			productType = "com.apple.product-type.bundle.ui-testing";
		};
/* End PBXNativeTarget section */

/* Begin PBXProject section */
		3FEA335C28D6C02400A57656 /* Project object */ = {
			isa = PBXProject;
			attributes = {
				BuildIndependentTargetsInParallel = 1;
				LastSwiftUpdateCheck = 1340;
				LastUpgradeCheck = 1340;
				TargetAttributes = {
					3FEA336328D6C02400A57656 = {
						CreatedOnToolsVersion = 13.4.1;
					};
					3FEA337928D6C02500A57656 = {
						CreatedOnToolsVersion = 13.4.1;
						TestTargetID = 3FEA336328D6C02400A57656;
					};
					3FEA338328D6C02500A57656 = {
						CreatedOnToolsVersion = 13.4.1;
						TestTargetID = 3FEA336328D6C02400A57656;
					};
				};
			};
			buildConfigurationList = 3FEA335F28D6C02400A57656 /* Build configuration list for PBXProject "falsh_cards" */;
			compatibilityVersion = "Xcode 13.0";
			developmentRegion = en;
			hasScannedForEncodings = 0;
			knownRegions = (
				en,
				Base,
			);
			mainGroup = 3FEA335B28D6C02400A57656;
			productRefGroup = 3FEA336528D6C02400A57656 /* Products */;
			projectDirPath = "";
			projectRoot = "";
			targets = (
				3FEA336328D6C02400A57656 /* falsh_cards */,
				3FEA337928D6C02500A57656 /* falsh_cardsTests */,
				3FEA338328D6C02500A57656 /* falsh_cardsUITests */,
			);
		};
/* End PBXProject section */

/* Begin PBXResourcesBuildPhase section */
		3FEA336228D6C02400A57656 /* Resources */ = {
			isa = PBXResourcesBuildPhase;
			buildActionMask = 2147483647;
			files = (
				3FEA337428D6C02500A57656 /* LaunchScreen.storyboard in Resources */,
				3FEA337128D6C02500A57656 /* Assets.xcassets in Resources */,
				3FEA336F28D6C02400A57656 /* Main.storyboard in Resources */,
			);
			runOnlyForDeploymentPostprocessing = 0;
		};
		3FEA337828D6C02500A57656 /* Resources */ = {
			isa = PBXResourcesBuildPhase;
			buildActionMask = 2147483647;
			files = (
			);
			runOnlyForDeploymentPostprocessing = 0;
		};
		3FEA338228D6C02500A57656 /* Resources */ = {
			isa = PBXResourcesBuildPhase;
			buildActionMask = 2147483647;
			files = (
			);
			runOnlyForDeploymentPostprocessing = 0;
		};
/* End PBXResourcesBuildPhase section */

/* Begin PBXSourcesBuildPhase section */
		3FEA336028D6C02400A57656 /* Sources */ = {
			isa = PBXSourcesBuildPhase;
			buildActionMask = 2147483647;
			files = (
				3FEA336C28D6C02400A57656 /* ViewController.swift in Sources */,
				3FEA336828D6C02400A57656 /* AppDelegate.swift in Sources */,
				3FEA336A28D6C02400A57656 /* SceneDelegate.swift in Sources */,
			);
			runOnlyForDeploymentPostprocessing = 0;
		};
		3FEA337628D6C02500A57656 /* Sources */ = {
			isa = PBXSourcesBuildPhase;
			buildActionMask = 2147483647;
			files = (
				3FEA337F28D6C02500A57656 /* falsh_cardsTests.swift in Sources */,
			);
			runOnlyForDeploymentPostprocessing = 0;
		};
		3FEA338028D6C02500A57656 /* Sources */ = {
			isa = PBXSourcesBuildPhase;
			buildActionMask = 2147483647;
			files = (
				3FEA338928D6C02500A57656 /* falsh_cardsUITests.swift in Sources */,
				3FEA338B28D6C02500A57656 /* falsh_cardsUITestsLaunchTests.swift in Sources */,
			);
			runOnlyForDeploymentPostprocessing = 0;
		};
/* End PBXSourcesBuildPhase section */

/* Begin PBXTargetDependency section */
		3FEA337C28D6C02500A57656 /* PBXTargetDependency */ = {
			isa = PBXTargetDependency;
			target = 3FEA336328D6C02400A57656 /* falsh_cards */;
			targetProxy = 3FEA337B28D6C02500A57656 /* PBXContainerItemProxy */;
		};
		3FEA338628D6C02500A57656 /* PBXTargetDependency */ = {
			isa = PBXTargetDependency;
			target = 3FEA336328D6C02400A57656 /* falsh_cards */;
			targetProxy = 3FEA338528D6C02500A57656 /* PBXContainerItemProxy */;
		};
/* End PBXTargetDependency section */

/* Begin PBXVariantGroup section */
		3FEA336D28D6C02400A57656 /* Main.storyboard */ = {
			isa = PBXVariantGroup;
			children = (
				3FEA336E28D6C02400A57656 /* Base */,
			);
			name = Main.storyboard;
			sourceTree = "<group>";
		};
		3FEA337228D6C02500A57656 /* LaunchScreen.storyboard */ = {
			isa = PBXVariantGroup;
			children = (
				3FEA337328D6C02500A57656 /* Base */,
			);
			name = LaunchScreen.storyboard;
			sourceTree = "<group>";
		};
/* End PBXVariantGroup section */

/* Begin XCBuildConfiguration section */
		3FEA338C28D6C02500A57656 /* Debug */ = {
			isa = XCBuildConfiguration;
			buildSettings = {
				ALWAYS_SEARCH_USER_PATHS = NO;
				CLANG_ANALYZER_NONNULL = YES;
				CLANG_ANALYZER_NUMBER_OBJECT_CONVERSION = YES_AGGRESSIVE;
				CLANG_CXX_LANGUAGE_STANDARD = "gnu++17";
				CLANG_ENABLE_MODULES = YES;
				CLANG_ENABLE_OBJC_ARC = YES;
				CLANG_ENABLE_OBJC_WEAK = YES;
				CLANG_WARN_BLOCK_CAPTURE_AUTORELEASING = YES;
				CLANG_WARN_BOOL_CONVERSION = YES;
				CLANG_WARN_COMMA = YES;
				CLANG_WARN_CONSTANT_CONVERSION = YES;
				CLANG_WARN_DEPRECATED_OBJC_IMPLEMENTATIONS = YES;
				CLANG_WARN_DIRECT_OBJC_ISA_USAGE = YES_ERROR;
				CLANG_WARN_DOCUMENTATION_COMMENTS = YES;
				CLANG_WARN_EMPTY_BODY = YES;
				CLANG_WARN_ENUM_CONVERSION = YES;
				CLANG_WARN_INFINITE_RECURSION = YES;
				CLANG_WARN_INT_CONVERSION = YES;
				CLANG_WARN_NON_LITERAL_NULL_CONVERSION = YES;
				CLANG_WARN_OBJC_IMPLICIT_RETAIN_SELF = YES;
				CLANG_WARN_OBJC_LITERAL_CONVERSION = YES;
				CLANG_WARN_OBJC_ROOT_CLASS = YES_ERROR;
				CLANG_WARN_QUOTED_INCLUDE_IN_FRAMEWORK_HEADER = YES;
				CLANG_WARN_RANGE_LOOP_ANALYSIS = YES;
				CLANG_WARN_STRICT_PROTOTYPES = YES;
				CLANG_WARN_SUSPICIOUS_MOVE = YES;
				CLANG_WARN_UNGUARDED_AVAILABILITY = YES_AGGRESSIVE;
				CLANG_WARN_UNREACHABLE_CODE = YES;
				CLANG_WARN__DUPLICATE_METHOD_MATCH = YES;
				COPY_PHASE_STRIP = NO;
				DEBUG_INFORMATION_FORMAT = dwarf;
				ENABLE_STRICT_OBJC_MSGSEND = YES;
				ENABLE_TESTABILITY = YES;
				GCC_C_LANGUAGE_STANDARD = gnu11;
				GCC_DYNAMIC_NO_PIC = NO;
				GCC_NO_COMMON_BLOCKS = YES;
				GCC_OPTIMIZATION_LEVEL = 0;
				GCC_PREPROCESSOR_DEFINITIONS = (
					"DEBUG=1",
					"$(inherited)",
				);
				GCC_WARN_64_TO_32_BIT_CONVERSION = YES;
				GCC_WARN_ABOUT_RETURN_TYPE = YES_ERROR;
				GCC_WARN_UNDECLARED_SELECTOR = YES;
				GCC_WARN_UNINITIALIZED_AUTOS = YES_AGGRESSIVE;
				GCC_WARN_UNUSED_FUNCTION = YES;
				GCC_WARN_UNUSED_VARIABLE = YES;
				IPHONEOS_DEPLOYMENT_TARGET = 15.5;
				MTL_ENABLE_DEBUG_INFO = INCLUDE_SOURCE;
				MTL_FAST_MATH = YES;
				ONLY_ACTIVE_ARCH = YES;
				SDKROOT = iphoneos;
				SWIFT_ACTIVE_COMPILATION_CONDITIONS = DEBUG;
				SWIFT_OPTIMIZATION_LEVEL = "-Onone";
			};
			name = Debug;
		};
		3FEA338D28D6C02500A57656 /* Release */ = {
			isa = XCBuildConfiguration;
			buildSettings = {
				ALWAYS_SEARCH_USER_PATHS = NO;
				CLANG_ANALYZER_NONNULL = YES;
				CLANG_ANALYZER_NUMBER_OBJECT_CONVERSION = YES_AGGRESSIVE;
				CLANG_CXX_LANGUAGE_STANDARD = "gnu++17";
				CLANG_ENABLE_MODULES = YES;
				CLANG_ENABLE_OBJC_ARC = YES;
				CLANG_ENABLE_OBJC_WEAK = YES;
				CLANG_WARN_BLOCK_CAPTURE_AUTORELEASING = YES;
				CLANG_WARN_BOOL_CONVERSION = YES;
				CLANG_WARN_COMMA = YES;
				CLANG_WARN_CONSTANT_CONVERSION = YES;
				CLANG_WARN_DEPRECATED_OBJC_IMPLEMENTATIONS = YES;
				CLANG_WARN_DIRECT_OBJC_ISA_USAGE = YES_ERROR;
				CLANG_WARN_DOCUMENTATION_COMMENTS = YES;
				CLANG_WARN_EMPTY_BODY = YES;
				CLANG_WARN_ENUM_CONVERSION = YES;
				CLANG_WARN_INFINITE_RECURSION = YES;
				CLANG_WARN_INT_CONVERSION = YES;
				CLANG_WARN_NON_LITERAL_NULL_CONVERSION = YES;
				CLANG_WARN_OBJC_IMPLICIT_RETAIN_SELF = YES;
				CLANG_WARN_OBJC_LITERAL_CONVERSION = YES;
				CLANG_WARN_OBJC_ROOT_CLASS = YES_ERROR;
				CLANG_WARN_QUOTED_INCLUDE_IN_FRAMEWORK_HEADER = YES;
				CLANG_WARN_RANGE_LOOP_ANALYSIS = YES;
				CLANG_WARN_STRICT_PROTOTYPES = YES;
				CLANG_WARN_SUSPICIOUS_MOVE = YES;
				CLANG_WARN_UNGUARDED_AVAILABILITY = YES_AGGRESSIVE;
				CLANG_WARN_UNREACHABLE_CODE = YES;
				CLANG_WARN__DUPLICATE_METHOD_MATCH = YES;
				COPY_PHASE_STRIP = NO;
				DEBUG_INFORMATION_FORMAT = "dwarf-with-dsym";
				ENABLE_NS_ASSERTIONS = NO;
				ENABLE_STRICT_OBJC_MSGSEND = YES;
				GCC_C_LANGUAGE_STANDARD = gnu11;
				GCC_NO_COMMON_BLOCKS = YES;
				GCC_WARN_64_TO_32_BIT_CONVERSION = YES;
				GCC_WARN_ABOUT_RETURN_TYPE = YES_ERROR;
				GCC_WARN_UNDECLARED_SELECTOR = YES;
				GCC_WARN_UNINITIALIZED_AUTOS = YES_AGGRESSIVE;
				GCC_WARN_UNUSED_FUNCTION = YES;
				GCC_WARN_UNUSED_VARIABLE = YES;
				IPHONEOS_DEPLOYMENT_TARGET = 15.5;
				MTL_ENABLE_DEBUG_INFO = NO;
				MTL_FAST_MATH = YES;
				SDKROOT = iphoneos;
				SWIFT_COMPILATION_MODE = wholemodule;
				SWIFT_OPTIMIZATION_LEVEL = "-O";
				VALIDATE_PRODUCT = YES;
			};
			name = Release;
		};
		3FEA338F28D6C02500A57656 /* Debug */ = {
			isa = XCBuildConfiguration;
			buildSettings = {
				ASSETCATALOG_COMPILER_APPICON_NAME = AppIcon;
				ASSETCATALOG_COMPILER_GLOBAL_ACCENT_COLOR_NAME = AccentColor;
				CODE_SIGN_STYLE = Automatic;
				CURRENT_PROJECT_VERSION = 1;
				GENERATE_INFOPLIST_FILE = YES;
				INFOPLIST_FILE = falsh_cards/Info.plist;
				INFOPLIST_KEY_UIApplicationSupportsIndirectInputEvents = YES;
				INFOPLIST_KEY_UILaunchStoryboardName = LaunchScreen;
				INFOPLIST_KEY_UIMainStoryboardFile = Main;
				INFOPLIST_KEY_UISupportedInterfaceOrientations_iPad = "UIInterfaceOrientationPortrait UIInterfaceOrientationPortraitUpsideDown UIInterfaceOrientationLandscapeLeft UIInterfaceOrientationLandscapeRight";
				INFOPLIST_KEY_UISupportedInterfaceOrientations_iPhone = "UIInterfaceOrientationPortrait UIInterfaceOrientationLandscapeLeft UIInterfaceOrientationLandscapeRight";
				LD_RUNPATH_SEARCH_PATHS = (
					"$(inherited)",
					"@executable_path/Frameworks",
				);
				MARKETING_VERSION = 1.0;
				PRODUCT_BUNDLE_IDENTIFIER = "memo.com.falsh-cards";
				PRODUCT_NAME = "$(TARGET_NAME)";
				SWIFT_EMIT_LOC_STRINGS = YES;
				SWIFT_VERSION = 5.0;
				TARGETED_DEVICE_FAMILY = "1,2";
			};
			name = Debug;
		};
		3FEA339028D6C02500A57656 /* Release */ = {
			isa = XCBuildConfiguration;
			buildSettings = {
				ASSETCATALOG_COMPILER_APPICON_NAME = AppIcon;
				ASSETCATALOG_COMPILER_GLOBAL_ACCENT_COLOR_NAME = AccentColor;
				CODE_SIGN_STYLE = Automatic;
				CURRENT_PROJECT_VERSION = 1;
				GENERATE_INFOPLIST_FILE = YES;
				INFOPLIST_FILE = falsh_cards/Info.plist;
				INFOPLIST_KEY_UIApplicationSupportsIndirectInputEvents = YES;
				INFOPLIST_KEY_UILaunchStoryboardName = LaunchScreen;
				INFOPLIST_KEY_UIMainStoryboardFile = Main;
				INFOPLIST_KEY_UISupportedInterfaceOrientations_iPad = "UIInterfaceOrientationPortrait UIInterfaceOrientationPortraitUpsideDown UIInterfaceOrientationLandscapeLeft UIInterfaceOrientationLandscapeRight";
				INFOPLIST_KEY_UISupportedInterfaceOrientations_iPhone = "UIInterfaceOrientationPortrait UIInterfaceOrientationLandscapeLeft UIInterfaceOrientationLandscapeRight";
				LD_RUNPATH_SEARCH_PATHS = (
					"$(inherited)",
					"@executable_path/Frameworks",
				);
				MARKETING_VERSION = 1.0;
				PRODUCT_BUNDLE_IDENTIFIER = "memo.com.falsh-cards";
				PRODUCT_NAME = "$(TARGET_NAME)";
				SWIFT_EMIT_LOC_STRINGS = YES;
				SWIFT_VERSION = 5.0;
				TARGETED_DEVICE_FAMILY = "1,2";
			};
			name = Release;
		};
		3FEA339228D6C02500A57656 /* Debug */ = {
			isa = XCBuildConfiguration;
			buildSettings = {
				ALWAYS_EMBED_SWIFT_STANDARD_LIBRARIES = YES;
				BUNDLE_LOADER = "$(TEST_HOST)";
				CODE_SIGN_STYLE = Automatic;
				CURRENT_PROJECT_VERSION = 1;
				GENERATE_INFOPLIST_FILE = YES;
				IPHONEOS_DEPLOYMENT_TARGET = 15.5;
				MARKETING_VERSION = 1.0;
				PRODUCT_BUNDLE_IDENTIFIER = "memo.com.falsh-cardsTests";
				PRODUCT_NAME = "$(TARGET_NAME)";
				SWIFT_EMIT_LOC_STRINGS = NO;
				SWIFT_VERSION = 5.0;
				TARGETED_DEVICE_FAMILY = "1,2";
				TEST_HOST = "$(BUILT_PRODUCTS_DIR)/falsh_cards.app/falsh_cards";
			};
			name = Debug;
		};
		3FEA339328D6C02500A57656 /* Release */ = {
			isa = XCBuildConfiguration;
			buildSettings = {
				ALWAYS_EMBED_SWIFT_STANDARD_LIBRARIES = YES;
				BUNDLE_LOADER = "$(TEST_HOST)";
				CODE_SIGN_STYLE = Automatic;
				CURRENT_PROJECT_VERSION = 1;
				GENERATE_INFOPLIST_FILE = YES;
				IPHONEOS_DEPLOYMENT_TARGET = 15.5;
				MARKETING_VERSION = 1.0;
				PRODUCT_BUNDLE_IDENTIFIER = "memo.com.falsh-cardsTests";
				PRODUCT_NAME = "$(TARGET_NAME)";
				SWIFT_EMIT_LOC_STRINGS = NO;
				SWIFT_VERSION = 5.0;
				TARGETED_DEVICE_FAMILY = "1,2";
				TEST_HOST = "$(BUILT_PRODUCTS_DIR)/falsh_cards.app/falsh_cards";
			};
			name = Release;
		};
		3FEA339528D6C02500A57656 /* Debug */ = {
			isa = XCBuildConfiguration;
			buildSettings = {
				ALWAYS_EMBED_SWIFT_STANDARD_LIBRARIES = YES;
				CODE_SIGN_STYLE = Automatic;
				CURRENT_PROJECT_VERSION = 1;
				GENERATE_INFOPLIST_FILE = YES;
				MARKETING_VERSION = 1.0;
				PRODUCT_BUNDLE_IDENTIFIER = "memo.com.falsh-cardsUITests";
				PRODUCT_NAME = "$(TARGET_NAME)";
				SWIFT_EMIT_LOC_STRINGS = NO;
				SWIFT_VERSION = 5.0;
				TARGETED_DEVICE_FAMILY = "1,2";
				TEST_TARGET_NAME = falsh_cards;
			};
			name = Debug;
		};
		3FEA339628D6C02500A57656 /* Release */ = {
			isa = XCBuildConfiguration;
			buildSettings = {
				ALWAYS_EMBED_SWIFT_STANDARD_LIBRARIES = YES;
				CODE_SIGN_STYLE = Automatic;
				CURRENT_PROJECT_VERSION = 1;
				GENERATE_INFOPLIST_FILE = YES;
				MARKETING_VERSION = 1.0;
				PRODUCT_BUNDLE_IDENTIFIER = "memo.com.falsh-cardsUITests";
				PRODUCT_NAME = "$(TARGET_NAME)";
				SWIFT_EMIT_LOC_STRINGS = NO;
				SWIFT_VERSION = 5.0;
				TARGETED_DEVICE_FAMILY = "1,2";
				TEST_TARGET_NAME = falsh_cards;
			};
			name = Release;
		};
/* End XCBuildConfiguration section */

/* Begin XCConfigurationList section */
		3FEA335F28D6C02400A57656 /* Build configuration list for PBXProject "falsh_cards" */ = {
			isa = XCConfigurationList;
			buildConfigurations = (
				3FEA338C28D6C02500A57656 /* Debug */,
				3FEA338D28D6C02500A57656 /* Release */,
			);
			defaultConfigurationIsVisible = 0;
			defaultConfigurationName = Release;
		};
		3FEA338E28D6C02500A57656 /* Build configuration list for PBXNativeTarget "falsh_cards" */ = {
			isa = XCConfigurationList;
			buildConfigurations = (
				3FEA338F28D6C02500A57656 /* Debug */,
				3FEA339028D6C02500A57656 /* Release */,
			);
			defaultConfigurationIsVisible = 0;
			defaultConfigurationName = Release;
		};
		3FEA339128D6C02500A57656 /* Build configuration list for PBXNativeTarget "falsh_cardsTests" */ = {
			isa = XCConfigurationList;
			buildConfigurations = (
				3FEA339228D6C02500A57656 /* Debug */,
				3FEA339328D6C02500A57656 /* Release */,
			);
			defaultConfigurationIsVisible = 0;
			defaultConfigurationName = Release;
		};
		3FEA339428D6C02500A57656 /* Build configuration list for PBXNativeTarget "falsh_cardsUITests" */ = {
			isa = XCConfigurationList;
			buildConfigurations = (
				3FEA339528D6C02500A57656 /* Debug */,
				3FEA339628D6C02500A57656 /* Release */,
			);
			defaultConfigurationIsVisible = 0;
			defaultConfigurationName = Release;
		};
/* End XCConfigurationList section */
	};
	rootObject = 3FEA335C28D6C02400A57656 /* Project object */;
}
